
Microsoft Visual Studio Solution File, Format Version 12.00
# Visual Studio Version 16
VisualStudioVersion = 16.0.28803.352
MinimumVisualStudioVersion = 10.0.40219.1
Project("{9A19103F-16F7-4668-BE54-9A1E7A4F7556}") = "SentimentAnalysis", "SentimentAnalysis\SentimentAnalysis.csproj", "{8D531645-D602-44E7-AE0B-409763C8C815}"
EndProject
Project("{9A19103F-16F7-4668-BE54-9A1E7A4F7556}") = "SentimentAnalysisML.ConsoleApp", "SentimentAnalysisML.ConsoleApp\SentimentAnalysisML.ConsoleApp.csproj", "{543C7E31-FD52-4EFC-8A45-D080E4FA04CB}"
EndProject
Project("{9A19103F-16F7-4668-BE54-9A1E7A4F7556}") = "SentimentAnalysisML.Model", "SentimentAnalysisML.Model\SentimentAnalysisML.Model.csproj", "{8CE035CA-86B2-4E27-A74C-5F5AF0575927}"
EndProject
Global
	GlobalSection(SolutionConfigurationPlatforms) = preSolution
		Debug|Any CPU = Debug|Any CPU
		Release|Any CPU = Release|Any CPU
	EndGlobalSection
	GlobalSection(ProjectConfigurationPlatforms) = postSolution
		{8D531645-D602-44E7-AE0B-409763C8C815}.Debug|Any CPU.ActiveCfg = Debug|Any CPU
		{8D531645-D602-44E7-AE0B-409763C8C815}.Debug|Any CPU.Build.0 = Debug|Any CPU
		{8D531645-D602-44E7-AE0B-409763C8C815}.Release|Any CPU.ActiveCfg = Release|Any CPU
		{8D531645-D602-44E7-AE0B-409763C8C815}.Release|Any CPU.Build.0 = Release|Any CPU
		{543C7E31-FD52-4EFC-8A45-D080E4FA04CB}.Debug|Any CPU.ActiveCfg = Debug|Any CPU
		{543C7E31-FD52-4EFC-8A45-D080E4FA04CB}.Debug|Any CPU.Build.0 = Debug|Any CPU
		{543C7E31-FD52-4EFC-8A45-D080E4FA04CB}.Release|Any CPU.ActiveCfg = Release|Any CPU
		{543C7E31-FD52-4EFC-8A45-D080E4FA04CB}.Release|Any CPU.Build.0 = Release|Any CPU
		{8CE035CA-86B2-4E27-A74C-5F5AF0575927}.Debug|Any CPU.ActiveCfg = Debug|Any CPU
		{8CE035CA-86B2-4E27-A74C-5F5AF0575927}.Debug|Any CPU.Build.0 = Debug|Any CPU
		{8CE035CA-86B2-4E27-A74C-5F5AF0575927}.Release|Any CPU.ActiveCfg = Release|Any CPU
		{8CE035CA-86B2-4E27-A74C-5F5AF0575927}.Release|Any CPU.Build.0 = Release|Any CPU
	EndGlobalSection
	GlobalSection(SolutionProperties) = preSolution
		HideSolutionNode = FALSE
	EndGlobalSection
	GlobalSection(ExtensibilityGlobals) = postSolution
		SolutionGuid = {D7C88E90-B55F-4640-BFA0-EF7754582AAD}
	EndGlobalSection
EndGlobal
