
Microsoft Visual Studio Solution File, Format Version 12.00
# Visual Studio 15
VisualStudioVersion = 15.0.28307.572
MinimumVisualStudioVersion = 10.0.40219.1
Project("{9A19103F-16F7-4668-BE54-9A1E7A4F7556}") = "SentimentAnalysis", "SentimentAnalysis\SentimentAnalysis.csproj", "{8D531645-D602-44E7-AE0B-409763C8C815}"
EndProject
Project("{9A19103F-16F7-4668-BE54-9A1E7A4F7556}") = "SentimentAnalysis.ConsoleApp", "SentimentAnalysis.ConsoleApp\SentimentAnalysis.ConsoleApp.csproj", "{A791F8CF-001D-4622-8E7C-2E45F457E07F}"
EndProject
Project("{9A19103F-16F7-4668-BE54-9A1E7A4F7556}") = "SentimentAnalysis.Model", "SentimentAnalysis.Model\SentimentAnalysis.Model.csproj", "{4C6C5E68-85FF-4A2B-A06F-1132D0D60536}"
EndProject
Global
	GlobalSection(SolutionConfigurationPlatforms) = preSolution
		Debug|Any CPU = Debug|Any CPU
		Release|Any CPU = Release|Any CPU
	EndGlobalSection
	GlobalSection(ProjectConfigurationPlatforms) = postSolution
		{8D531645-D602-44E7-AE0B-409763C8C815}.Debug|Any CPU.ActiveCfg = Debug|Any CPU
		{8D531645-D602-44E7-AE0B-409763C8C815}.Debug|Any CPU.Build.0 = Debug|Any CPU
		{8D531645-D602-44E7-AE0B-409763C8C815}.Release|Any CPU.ActiveCfg = Release|Any CPU
		{8D531645-D602-44E7-AE0B-409763C8C815}.Release|Any CPU.Build.0 = Release|Any CPU
		{A791F8CF-001D-4622-8E7C-2E45F457E07F}.Debug|Any CPU.ActiveCfg = Debug|Any CPU
		{A791F8CF-001D-4622-8E7C-2E45F457E07F}.Debug|Any CPU.Build.0 = Debug|Any CPU
		{A791F8CF-001D-4622-8E7C-2E45F457E07F}.Release|Any CPU.ActiveCfg = Release|Any CPU
		{A791F8CF-001D-4622-8E7C-2E45F457E07F}.Release|Any CPU.Build.0 = Release|Any CPU
		{4C6C5E68-85FF-4A2B-A06F-1132D0D60536}.Debug|Any CPU.ActiveCfg = Debug|Any CPU
		{4C6C5E68-85FF-4A2B-A06F-1132D0D60536}.Debug|Any CPU.Build.0 = Debug|Any CPU
		{4C6C5E68-85FF-4A2B-A06F-1132D0D60536}.Release|Any CPU.ActiveCfg = Release|Any CPU
		{4C6C5E68-85FF-4A2B-A06F-1132D0D60536}.Release|Any CPU.Build.0 = Release|Any CPU
	EndGlobalSection
	GlobalSection(SolutionProperties) = preSolution
		HideSolutionNode = FALSE
	EndGlobalSection
	GlobalSection(ExtensibilityGlobals) = postSolution
		SolutionGuid = {D7C88E90-B55F-4640-BFA0-EF7754582AAD}
	EndGlobalSection
EndGlobal
